
Microsoft Visual Studio Solution File, Format Version 12.00
# Visual Studio Version 17
VisualStudioVersion = 17.3.32819.101
MinimumVisualStudioVersion = 10.0.40219.1
Project("{FAE04EC0-301F-11D3-BF4B-00C04F79EFBC}") = "BasicGameLoop", "BasicGameLoop\BasicGameLoop.csproj", "{F7BC12F9-C753-4795-9021-E523EF61DBF7}"
EndProject
Global
	GlobalSection(SolutionConfigurationPlatforms) = preSolution
		Debug|Any CPU = Debug|Any CPU
		Release|Any CPU = Release|Any CPU
	EndGlobalSection
	GlobalSection(ProjectConfigurationPlatforms) = postSolution
		{F7BC12F9-C753-4795-9021-E523EF61DBF7}.Debug|Any CPU.ActiveCfg = Debug|Any CPU
		{F7BC12F9-C753-4795-9021-E523EF61DBF7}.Debug|Any CPU.Build.0 = Debug|Any CPU
		{F7BC12F9-C753-4795-9021-E523EF61DBF7}.Release|Any CPU.ActiveCfg = Release|Any CPU
		{F7BC12F9-C753-4795-9021-E523EF61DBF7}.Release|Any CPU.Build.0 = Release|Any CPU
	EndGlobalSection
	GlobalSection(SolutionProperties) = preSolution
		HideSolutionNode = FALSE
	EndGlobalSection
	GlobalSection(ExtensibilityGlobals) = postSolution
		SolutionGuid = {6EC2E6B9-B164-41BF-889E-2073FE01EF51}
	EndGlobalSection
EndGlobal
